// !$*UTF8*$!
{
	archiveVersion = 1;
	classes = {
	};
	objectVersion = 51;
	objects = {

/* Begin PBXBuildFile section */
		7E1E2136238A8A0B00A7262E /* PermissionTypes.swift in Sources */ = {isa = PBXBuildFile; fileRef = 7E1E2135238A8A0B00A7262E /* PermissionTypes.swift */; };
		7E1E2138238A913600A7262E /* PermissionTypeCell.swift in Sources */ = {isa = PBXBuildFile; fileRef = 7E1E2137238A913600A7262E /* PermissionTypeCell.swift */; };
		7E1E213A238A9E9800A7262E /* RequestPermissionVacationVC.swift in Sources */ = {isa = PBXBuildFile; fileRef = 7E1E2139238A9E9800A7262E /* RequestPermissionVacationVC.swift */; };
		7E1E213C238AB26200A7262E /* BaseRequestsController.swift in Sources */ = {isa = PBXBuildFile; fileRef = 7E1E213B238AB26200A7262E /* BaseRequestsController.swift */; };
		7E22067D2341EDF10000DAA8 /* PendingRequests.swift in Sources */ = {isa = PBXBuildFile; fileRef = 7E22067C2341EDF10000DAA8 /* PendingRequests.swift */; };
		7E26C44E23CEF71B0052217F /* TeamStatistics.swift in Sources */ = {isa = PBXBuildFile; fileRef = 7E26C44D23CEF71B0052217F /* TeamStatistics.swift */; };
		7E28B0E6231D23E200267171 /* RecentRequestsCell.swift in Sources */ = {isa = PBXBuildFile; fileRef = 7E28B0E5231D23E200267171 /* RecentRequestsCell.swift */; };
		7E28B0E8231D254200267171 /* RecentRequestsController.swift in Sources */ = {isa = PBXBuildFile; fileRef = 7E28B0E7231D254200267171 /* RecentRequestsController.swift */; };
		7E28B0EA231D389E00267171 /* UILabel.swift in Sources */ = {isa = PBXBuildFile; fileRef = 7E28B0E9231D389E00267171 /* UILabel.swift */; };
		7E28B0EC231D5AEF00267171 /* UpcomingVacationCell.swift in Sources */ = {isa = PBXBuildFile; fileRef = 7E28B0EB231D5AEF00267171 /* UpcomingVacationCell.swift */; };
		7E28B0EE231D6A6400267171 /* ListOfEmployeesCell.swift in Sources */ = {isa = PBXBuildFile; fileRef = 7E28B0ED231D6A6400267171 /* ListOfEmployeesCell.swift */; };
		7E28B0F0231E622E00267171 /* CVHeaderCVCell.swift in Sources */ = {isa = PBXBuildFile; fileRef = 7E28B0EF231E622E00267171 /* CVHeaderCVCell.swift */; };
		7E28B0F2231E850C00267171 /* UIColor.swift in Sources */ = {isa = PBXBuildFile; fileRef = 7E28B0F1231E850C00267171 /* UIColor.swift */; };
		7E28B0F4231EBB6E00267171 /* recentRequestEmpDetailsCell.swift in Sources */ = {isa = PBXBuildFile; fileRef = 7E28B0F3231EBB6E00267171 /* recentRequestEmpDetailsCell.swift */; };
		7E28B0F6231FE53C00267171 /* ListOfEmployeeController.swift in Sources */ = {isa = PBXBuildFile; fileRef = 7E28B0F5231FE53C00267171 /* ListOfEmployeeController.swift */; };
		7E28B0F8231FFE5C00267171 /* ListOfEmployeesHeaderView.swift in Sources */ = {isa = PBXBuildFile; fileRef = 7E28B0F7231FFE5C00267171 /* ListOfEmployeesHeaderView.swift */; };
		7E28B0FA2320017D00267171 /* EmpListEmployeeCell.swift in Sources */ = {isa = PBXBuildFile; fileRef = 7E28B0F92320017D00267171 /* EmpListEmployeeCell.swift */; };
		7E28B0FC232133B200267171 /* UIView.swift in Sources */ = {isa = PBXBuildFile; fileRef = 7E28B0FB232133B200267171 /* UIView.swift */; };
		7E28B0FE2321582800267171 /* UIStackview.swift in Sources */ = {isa = PBXBuildFile; fileRef = 7E28B0FD2321582800267171 /* UIStackview.swift */; };
		7E28B11E2325567600267171 /* Constants.swift in Sources */ = {isa = PBXBuildFile; fileRef = 7E28B11D2325567600267171 /* Constants.swift */; };
		7E28B120232556FD00267171 /* LoginController.swift in Sources */ = {isa = PBXBuildFile; fileRef = 7E28B11F232556FD00267171 /* LoginController.swift */; };
		7E28B14D232E433600267171 /* SettingsVC.swift in Sources */ = {isa = PBXBuildFile; fileRef = 7E28B14C232E433600267171 /* SettingsVC.swift */; };
		7E28B14F232E4DBB00267171 /* CustomSegmentedControl.swift in Sources */ = {isa = PBXBuildFile; fileRef = 7E28B14E232E4DBB00267171 /* CustomSegmentedControl.swift */; };
		7E28B152232E747D00267171 /* LanguageManager.swift in Sources */ = {isa = PBXBuildFile; fileRef = 7E28B151232E747C00267171 /* LanguageManager.swift */; };
		7E28B154232F54F100267171 /* String.swift in Sources */ = {isa = PBXBuildFile; fileRef = 7E28B153232F54F100267171 /* String.swift */; };
		7E28B156232F552800267171 /* OverLay.swift in Sources */ = {isa = PBXBuildFile; fileRef = 7E28B155232F552800267171 /* OverLay.swift */; };
		7E28B158232F560D00267171 /* UITextField.swift in Sources */ = {isa = PBXBuildFile; fileRef = 7E28B157232F560D00267171 /* UITextField.swift */; };
		7E28B15A232F58E300267171 /* UIViewController.swift in Sources */ = {isa = PBXBuildFile; fileRef = 7E28B159232F58E300267171 /* UIViewController.swift */; };
		7E28B15F232F8E7600267171 /* Localizable.strings in Resources */ = {isa = PBXBuildFile; fileRef = 7E28B161232F8E7600267171 /* Localizable.strings */; };
		7E4AFBEF2377FE1E001D5CB7 /* PendingRequestsVC.swift in Sources */ = {isa = PBXBuildFile; fileRef = 7E4AFBEE2377FE1E001D5CB7 /* PendingRequestsVC.swift */; };
		7E4AFC0D23782883001D5CB7 /* MenuCell.swift in Sources */ = {isa = PBXBuildFile; fileRef = 7E4AFC0C23782883001D5CB7 /* MenuCell.swift */; };
		7E4AFC0F23784202001D5CB7 /* PendingRequestsMenuItem.swift in Sources */ = {isa = PBXBuildFile; fileRef = 7E4AFC0E23784202001D5CB7 /* PendingRequestsMenuItem.swift */; };
		7E4AFC1123797F32001D5CB7 /* PermissionCell.swift in Sources */ = {isa = PBXBuildFile; fileRef = 7E4AFC1023797F32001D5CB7 /* PermissionCell.swift */; };
		7E4AFC13237AFE50001D5CB7 /* ProfileVC.swift in Sources */ = {isa = PBXBuildFile; fileRef = 7E4AFC12237AFE50001D5CB7 /* ProfileVC.swift */; };
		7E4AFC15237D65C5001D5CB7 /* PieChartCell.swift in Sources */ = {isa = PBXBuildFile; fileRef = 7E4AFC14237D65C5001D5CB7 /* PieChartCell.swift */; };
		7E4AFC19237EE613001D5CB7 /* ChartBaseViewController.swift in Sources */ = {isa = PBXBuildFile; fileRef = 7E4AFC18237EE613001D5CB7 /* ChartBaseViewController.swift */; };
		7E4AFC1B23814A81001D5CB7 /* ProfileEmployeeInfoCell.swift in Sources */ = {isa = PBXBuildFile; fileRef = 7E4AFC1A23814A81001D5CB7 /* ProfileEmployeeInfoCell.swift */; };
		7E4AFC1D23816809001D5CB7 /* ProfileEmployeePendingRequestsCell.swift in Sources */ = {isa = PBXBuildFile; fileRef = 7E4AFC1C23816809001D5CB7 /* ProfileEmployeePendingRequestsCell.swift */; };
		7E4AFC1F238568EF001D5CB7 /* EmployeeDataInPercentage.swift in Sources */ = {isa = PBXBuildFile; fileRef = 7E4AFC1E238568EF001D5CB7 /* EmployeeDataInPercentage.swift */; };
		7E55F22D236EC1550045F69F /* AboutVC.swift in Sources */ = {isa = PBXBuildFile; fileRef = 7E55F22C236EC1550045F69F /* AboutVC.swift */; };
		7E55F22F236EC7C90045F69F /* UINavigationController.swift in Sources */ = {isa = PBXBuildFile; fileRef = 7E55F22E236EC7C90045F69F /* UINavigationController.swift */; };
		7E7203E2231A533400D6BD99 /* DashBoardVC.swift in Sources */ = {isa = PBXBuildFile; fileRef = 7E7203E1231A533400D6BD99 /* DashBoardVC.swift */; };
		7E7203E7231AD42400D6BD99 /* DashboardHeader.swift in Sources */ = {isa = PBXBuildFile; fileRef = 7E7203E6231AD42400D6BD99 /* DashboardHeader.swift */; };
		7E7203E9231AD45600D6BD99 /* DashboardHeaderController.swift in Sources */ = {isa = PBXBuildFile; fileRef = 7E7203E8231AD45600D6BD99 /* DashboardHeaderController.swift */; };
		7E7203F0231BD55B00D6BD99 /* HeaderLabel.swift in Sources */ = {isa = PBXBuildFile; fileRef = 7E7203EF231BD55B00D6BD99 /* HeaderLabel.swift */; };
		7E7203F2231BD7D900D6BD99 /* CircularPercentageRowCell.swift in Sources */ = {isa = PBXBuildFile; fileRef = 7E7203F1231BD7D900D6BD99 /* CircularPercentageRowCell.swift */; };
		7E725D2F2330DE8400341B64 /* User.swift in Sources */ = {isa = PBXBuildFile; fileRef = 7E725D2E2330DE8400341B64 /* User.swift */; };
		7E725D312330DFEB00341B64 /* Service.swift in Sources */ = {isa = PBXBuildFile; fileRef = 7E725D302330DFEB00341B64 /* Service.swift */; };
		7E725D332330E02C00341B64 /* Utility.swift in Sources */ = {isa = PBXBuildFile; fileRef = 7E725D322330E02C00341B64 /* Utility.swift */; };
		7E725D372331152200341B64 /* CustomTitleView.swift in Sources */ = {isa = PBXBuildFile; fileRef = 7E725D362331152200341B64 /* CustomTitleView.swift */; };
		7E725D392331163E00341B64 /* CheckinVC.swift in Sources */ = {isa = PBXBuildFile; fileRef = 7E725D382331163E00341B64 /* CheckinVC.swift */; };
		7E725D3B2331475800341B64 /* Alamofire.swift in Sources */ = {isa = PBXBuildFile; fileRef = 7E725D3A2331475800341B64 /* Alamofire.swift */; };
		7E725D3D2332435700341B64 /* UserDestination.swift in Sources */ = {isa = PBXBuildFile; fileRef = 7E725D3C2332435700341B64 /* UserDestination.swift */; };
		7E725D3F233294F000341B64 /* UIImageView.swift in Sources */ = {isa = PBXBuildFile; fileRef = 7E725D3E233294F000341B64 /* UIImageView.swift */; };
		7E78478D23378AE5009E57A1 /* CalendarVC.swift in Sources */ = {isa = PBXBuildFile; fileRef = 7E78478C23378AE5009E57A1 /* CalendarVC.swift */; };
		7E78479023378FE7009E57A1 /* Raleway-SemiBold.ttf in Resources */ = {isa = PBXBuildFile; fileRef = 7E78478F23378FE7009E57A1 /* Raleway-SemiBold.ttf */; };
		7EA384D723338FB300E34F3D /* PermissionVC.swift in Sources */ = {isa = PBXBuildFile; fileRef = 7EA384D623338FB300E34F3D /* PermissionVC.swift */; };
		7ED3AE97230ABCFF0035CECA /* AppDelegate.swift in Sources */ = {isa = PBXBuildFile; fileRef = 7ED3AE96230ABCFF0035CECA /* AppDelegate.swift */; };
		7ED3AE99230ABCFF0035CECA /* BaseMenuVC.swift in Sources */ = {isa = PBXBuildFile; fileRef = 7ED3AE98230ABCFF0035CECA /* BaseMenuVC.swift */; };
		7ED3AE9C230ABCFF0035CECA /* Main.storyboard in Resources */ = {isa = PBXBuildFile; fileRef = 7ED3AE9A230ABCFF0035CECA /* Main.storyboard */; };
		7ED3AE9E230ABD000035CECA /* Assets.xcassets in Resources */ = {isa = PBXBuildFile; fileRef = 7ED3AE9D230ABD000035CECA /* Assets.xcassets */; };
		7ED3AEA1230ABD000035CECA /* LaunchScreen.storyboard in Resources */ = {isa = PBXBuildFile; fileRef = 7ED3AE9F230ABD000035CECA /* LaunchScreen.storyboard */; };
		7EEEA8E023CC98BF00305536 /* NewUser.swift in Sources */ = {isa = PBXBuildFile; fileRef = 7EEEA8DF23CC98BF00305536 /* NewUser.swift */; };
		7EEEA8E223CD9E6C00305536 /* DecodableAttendance.swift in Sources */ = {isa = PBXBuildFile; fileRef = 7EEEA8E123CD9E6C00305536 /* DecodableAttendance.swift */; };
		EF3E1E1D96D11C618E5F98D5 /* Pods_CutsomProgrammaticMenu.framework in Frameworks */ = {isa = PBXBuildFile; fileRef = 70394E01F5A0A35627FE03F5 /* Pods_CutsomProgrammaticMenu.framework */; };
/* End PBXBuildFile section */

/* Begin PBXFileReference section */
		70394E01F5A0A35627FE03F5 /* Pods_CutsomProgrammaticMenu.framework */ = {isa = PBXFileReference; explicitFileType = wrapper.framework; includeInIndex = 0; path = Pods_CutsomProgrammaticMenu.framework; sourceTree = BUILT_PRODUCTS_DIR; };
		7E1E2135238A8A0B00A7262E /* PermissionTypes.swift */ = {isa = PBXFileReference; lastKnownFileType = sourcecode.swift; path = PermissionTypes.swift; sourceTree = "<group>"; };
		7E1E2137238A913600A7262E /* PermissionTypeCell.swift */ = {isa = PBXFileReference; lastKnownFileType = sourcecode.swift; path = PermissionTypeCell.swift; sourceTree = "<group>"; };
		7E1E2139238A9E9800A7262E /* RequestPermissionVacationVC.swift */ = {isa = PBXFileReference; lastKnownFileType = sourcecode.swift; path = RequestPermissionVacationVC.swift; sourceTree = "<group>"; };
		7E1E213B238AB26200A7262E /* BaseRequestsController.swift */ = {isa = PBXFileReference; lastKnownFileType = sourcecode.swift; path = BaseRequestsController.swift; sourceTree = "<group>"; };
		7E22067C2341EDF10000DAA8 /* PendingRequests.swift */ = {isa = PBXFileReference; lastKnownFileType = sourcecode.swift; path = PendingRequests.swift; sourceTree = "<group>"; };
		7E26C44D23CEF71B0052217F /* TeamStatistics.swift */ = {isa = PBXFileReference; lastKnownFileType = sourcecode.swift; path = TeamStatistics.swift; sourceTree = "<group>"; };
		7E28B0E5231D23E200267171 /* RecentRequestsCell.swift */ = {isa = PBXFileReference; lastKnownFileType = sourcecode.swift; path = RecentRequestsCell.swift; sourceTree = "<group>"; };
		7E28B0E7231D254200267171 /* RecentRequestsController.swift */ = {isa = PBXFileReference; lastKnownFileType = sourcecode.swift; path = RecentRequestsController.swift; sourceTree = "<group>"; };
		7E28B0E9231D389E00267171 /* UILabel.swift */ = {isa = PBXFileReference; lastKnownFileType = sourcecode.swift; path = UILabel.swift; sourceTree = "<group>"; };
		7E28B0EB231D5AEF00267171 /* UpcomingVacationCell.swift */ = {isa = PBXFileReference; lastKnownFileType = sourcecode.swift; path = UpcomingVacationCell.swift; sourceTree = "<group>"; };
		7E28B0ED231D6A6400267171 /* ListOfEmployeesCell.swift */ = {isa = PBXFileReference; lastKnownFileType = sourcecode.swift; path = ListOfEmployeesCell.swift; sourceTree = "<group>"; };
		7E28B0EF231E622E00267171 /* CVHeaderCVCell.swift */ = {isa = PBXFileReference; lastKnownFileType = sourcecode.swift; path = CVHeaderCVCell.swift; sourceTree = "<group>"; };
		7E28B0F1231E850C00267171 /* UIColor.swift */ = {isa = PBXFileReference; lastKnownFileType = sourcecode.swift; path = UIColor.swift; sourceTree = "<group>"; };
		7E28B0F3231EBB6E00267171 /* recentRequestEmpDetailsCell.swift */ = {isa = PBXFileReference; lastKnownFileType = sourcecode.swift; path = recentRequestEmpDetailsCell.swift; sourceTree = "<group>"; };
		7E28B0F5231FE53C00267171 /* ListOfEmployeeController.swift */ = {isa = PBXFileReference; lastKnownFileType = sourcecode.swift; path = ListOfEmployeeController.swift; sourceTree = "<group>"; };
		7E28B0F7231FFE5C00267171 /* ListOfEmployeesHeaderView.swift */ = {isa = PBXFileReference; lastKnownFileType = sourcecode.swift; path = ListOfEmployeesHeaderView.swift; sourceTree = "<group>"; };
		7E28B0F92320017D00267171 /* EmpListEmployeeCell.swift */ = {isa = PBXFileReference; lastKnownFileType = sourcecode.swift; path = EmpListEmployeeCell.swift; sourceTree = "<group>"; };
		7E28B0FB232133B200267171 /* UIView.swift */ = {isa = PBXFileReference; lastKnownFileType = sourcecode.swift; path = UIView.swift; sourceTree = "<group>"; };
		7E28B0FD2321582800267171 /* UIStackview.swift */ = {isa = PBXFileReference; lastKnownFileType = sourcecode.swift; path = UIStackview.swift; sourceTree = "<group>"; };
		7E28B11D2325567600267171 /* Constants.swift */ = {isa = PBXFileReference; lastKnownFileType = sourcecode.swift; path = Constants.swift; sourceTree = "<group>"; };
		7E28B11F232556FD00267171 /* LoginController.swift */ = {isa = PBXFileReference; lastKnownFileType = sourcecode.swift; path = LoginController.swift; sourceTree = "<group>"; };
		7E28B14C232E433600267171 /* SettingsVC.swift */ = {isa = PBXFileReference; lastKnownFileType = sourcecode.swift; path = SettingsVC.swift; sourceTree = "<group>"; };
		7E28B14E232E4DBB00267171 /* CustomSegmentedControl.swift */ = {isa = PBXFileReference; lastKnownFileType = sourcecode.swift; path = CustomSegmentedControl.swift; sourceTree = "<group>"; };
		7E28B151232E747C00267171 /* LanguageManager.swift */ = {isa = PBXFileReference; lastKnownFileType = sourcecode.swift; path = LanguageManager.swift; sourceTree = "<group>"; };
		7E28B153232F54F100267171 /* String.swift */ = {isa = PBXFileReference; lastKnownFileType = sourcecode.swift; path = String.swift; sourceTree = "<group>"; };
		7E28B155232F552800267171 /* OverLay.swift */ = {isa = PBXFileReference; lastKnownFileType = sourcecode.swift; path = OverLay.swift; sourceTree = "<group>"; };
		7E28B157232F560D00267171 /* UITextField.swift */ = {isa = PBXFileReference; lastKnownFileType = sourcecode.swift; path = UITextField.swift; sourceTree = "<group>"; };
		7E28B159232F58E300267171 /* UIViewController.swift */ = {isa = PBXFileReference; lastKnownFileType = sourcecode.swift; path = UIViewController.swift; sourceTree = "<group>"; };
		7E28B15B232F6DA500267171 /* ar */ = {isa = PBXFileReference; lastKnownFileType = text.plist.strings; name = ar; path = ar.lproj/Main.strings; sourceTree = "<group>"; };
		7E28B15C232F6DA500267171 /* ar */ = {isa = PBXFileReference; lastKnownFileType = text.plist.strings; name = ar; path = ar.lproj/LaunchScreen.strings; sourceTree = "<group>"; };
		7E28B160232F8E7600267171 /* en */ = {isa = PBXFileReference; lastKnownFileType = text.plist.strings; name = en; path = en.lproj/Localizable.strings; sourceTree = "<group>"; };
		7E28B162232F8E7A00267171 /* ar */ = {isa = PBXFileReference; lastKnownFileType = text.plist.strings; name = ar; path = ar.lproj/Localizable.strings; sourceTree = "<group>"; };
		7E4AFBEE2377FE1E001D5CB7 /* PendingRequestsVC.swift */ = {isa = PBXFileReference; lastKnownFileType = sourcecode.swift; path = PendingRequestsVC.swift; sourceTree = "<group>"; };
		7E4AFC0C23782883001D5CB7 /* MenuCell.swift */ = {isa = PBXFileReference; lastKnownFileType = sourcecode.swift; path = MenuCell.swift; sourceTree = "<group>"; };
		7E4AFC0E23784202001D5CB7 /* PendingRequestsMenuItem.swift */ = {isa = PBXFileReference; lastKnownFileType = sourcecode.swift; path = PendingRequestsMenuItem.swift; sourceTree = "<group>"; };
		7E4AFC1023797F32001D5CB7 /* PermissionCell.swift */ = {isa = PBXFileReference; lastKnownFileType = sourcecode.swift; path = PermissionCell.swift; sourceTree = "<group>"; };
		7E4AFC12237AFE50001D5CB7 /* ProfileVC.swift */ = {isa = PBXFileReference; lastKnownFileType = sourcecode.swift; path = ProfileVC.swift; sourceTree = "<group>"; };
		7E4AFC14237D65C5001D5CB7 /* PieChartCell.swift */ = {isa = PBXFileReference; lastKnownFileType = sourcecode.swift; path = PieChartCell.swift; sourceTree = "<group>"; };
		7E4AFC18237EE613001D5CB7 /* ChartBaseViewController.swift */ = {isa = PBXFileReference; lastKnownFileType = sourcecode.swift; path = ChartBaseViewController.swift; sourceTree = "<group>"; };
		7E4AFC1A23814A81001D5CB7 /* ProfileEmployeeInfoCell.swift */ = {isa = PBXFileReference; lastKnownFileType = sourcecode.swift; path = ProfileEmployeeInfoCell.swift; sourceTree = "<group>"; };
		7E4AFC1C23816809001D5CB7 /* ProfileEmployeePendingRequestsCell.swift */ = {isa = PBXFileReference; lastKnownFileType = sourcecode.swift; path = ProfileEmployeePendingRequestsCell.swift; sourceTree = "<group>"; };
		7E4AFC1E238568EF001D5CB7 /* EmployeeDataInPercentage.swift */ = {isa = PBXFileReference; lastKnownFileType = sourcecode.swift; path = EmployeeDataInPercentage.swift; sourceTree = "<group>"; };
		7E55F22C236EC1550045F69F /* AboutVC.swift */ = {isa = PBXFileReference; lastKnownFileType = sourcecode.swift; path = AboutVC.swift; sourceTree = "<group>"; };
		7E55F22E236EC7C90045F69F /* UINavigationController.swift */ = {isa = PBXFileReference; lastKnownFileType = sourcecode.swift; path = UINavigationController.swift; sourceTree = "<group>"; };
		7E55F231236EDC460045F69F /* Cairo-Regular.ttf */ = {isa = PBXFileReference; lastKnownFileType = file; path = "Cairo-Regular.ttf"; sourceTree = "<group>"; };
		7E7203E1231A533400D6BD99 /* DashBoardVC.swift */ = {isa = PBXFileReference; lastKnownFileType = sourcecode.swift; path = DashBoardVC.swift; sourceTree = "<group>"; };
		7E7203E6231AD42400D6BD99 /* DashboardHeader.swift */ = {isa = PBXFileReference; lastKnownFileType = sourcecode.swift; path = DashboardHeader.swift; sourceTree = "<group>"; };
		7E7203E8231AD45600D6BD99 /* DashboardHeaderController.swift */ = {isa = PBXFileReference; lastKnownFileType = sourcecode.swift; path = DashboardHeaderController.swift; sourceTree = "<group>"; };
		7E7203EF231BD55B00D6BD99 /* HeaderLabel.swift */ = {isa = PBXFileReference; lastKnownFileType = sourcecode.swift; path = HeaderLabel.swift; sourceTree = "<group>"; };
		7E7203F1231BD7D900D6BD99 /* CircularPercentageRowCell.swift */ = {isa = PBXFileReference; lastKnownFileType = sourcecode.swift; path = CircularPercentageRowCell.swift; sourceTree = "<group>"; };
		7E725D2E2330DE8400341B64 /* User.swift */ = {isa = PBXFileReference; lastKnownFileType = sourcecode.swift; path = User.swift; sourceTree = "<group>"; };
		7E725D302330DFEB00341B64 /* Service.swift */ = {isa = PBXFileReference; lastKnownFileType = sourcecode.swift; path = Service.swift; sourceTree = "<group>"; };
		7E725D322330E02C00341B64 /* Utility.swift */ = {isa = PBXFileReference; lastKnownFileType = sourcecode.swift; path = Utility.swift; sourceTree = "<group>"; };
		7E725D362331152200341B64 /* CustomTitleView.swift */ = {isa = PBXFileReference; lastKnownFileType = sourcecode.swift; path = CustomTitleView.swift; sourceTree = "<group>"; };
		7E725D382331163E00341B64 /* CheckinVC.swift */ = {isa = PBXFileReference; lastKnownFileType = sourcecode.swift; path = CheckinVC.swift; sourceTree = "<group>"; };
		7E725D3A2331475800341B64 /* Alamofire.swift */ = {isa = PBXFileReference; lastKnownFileType = sourcecode.swift; name = Alamofire.swift; path = ../Extensions/Alamofire.swift; sourceTree = "<group>"; };
		7E725D3C2332435700341B64 /* UserDestination.swift */ = {isa = PBXFileReference; lastKnownFileType = sourcecode.swift; path = UserDestination.swift; sourceTree = "<group>"; };
		7E725D3E233294F000341B64 /* UIImageView.swift */ = {isa = PBXFileReference; lastKnownFileType = sourcecode.swift; path = UIImageView.swift; sourceTree = "<group>"; };
		7E78478C23378AE5009E57A1 /* CalendarVC.swift */ = {isa = PBXFileReference; lastKnownFileType = sourcecode.swift; path = CalendarVC.swift; sourceTree = "<group>"; };
		7E78478F23378FE7009E57A1 /* Raleway-SemiBold.ttf */ = {isa = PBXFileReference; lastKnownFileType = file; path = "Raleway-SemiBold.ttf"; sourceTree = "<group>"; };
		7EA384D623338FB300E34F3D /* PermissionVC.swift */ = {isa = PBXFileReference; lastKnownFileType = sourcecode.swift; path = PermissionVC.swift; sourceTree = "<group>"; };
		7ED3AE93230ABCFF0035CECA /* CutsomProgrammaticMenu.app */ = {isa = PBXFileReference; explicitFileType = wrapper.application; includeInIndex = 0; path = CutsomProgrammaticMenu.app; sourceTree = BUILT_PRODUCTS_DIR; };
		7ED3AE96230ABCFF0035CECA /* AppDelegate.swift */ = {isa = PBXFileReference; lastKnownFileType = sourcecode.swift; path = AppDelegate.swift; sourceTree = "<group>"; };
		7ED3AE98230ABCFF0035CECA /* BaseMenuVC.swift */ = {isa = PBXFileReference; lastKnownFileType = sourcecode.swift; path = BaseMenuVC.swift; sourceTree = "<group>"; };
		7ED3AE9B230ABCFF0035CECA /* Base */ = {isa = PBXFileReference; lastKnownFileType = file.storyboard; name = Base; path = Base.lproj/Main.storyboard; sourceTree = "<group>"; };
		7ED3AE9D230ABD000035CECA /* Assets.xcassets */ = {isa = PBXFileReference; lastKnownFileType = folder.assetcatalog; path = Assets.xcassets; sourceTree = "<group>"; };
		7ED3AEA0230ABD000035CECA /* Base */ = {isa = PBXFileReference; lastKnownFileType = file.storyboard; name = Base; path = Base.lproj/LaunchScreen.storyboard; sourceTree = "<group>"; };
		7ED3AEA2230ABD000035CECA /* Info.plist */ = {isa = PBXFileReference; lastKnownFileType = text.plist.xml; path = Info.plist; sourceTree = "<group>"; };
		7EEEA8DF23CC98BF00305536 /* NewUser.swift */ = {isa = PBXFileReference; lastKnownFileType = sourcecode.swift; path = NewUser.swift; sourceTree = "<group>"; };
		7EEEA8E123CD9E6C00305536 /* DecodableAttendance.swift */ = {isa = PBXFileReference; lastKnownFileType = sourcecode.swift; path = DecodableAttendance.swift; sourceTree = "<group>"; };
		9F569B37A5C97325A36DB7C0 /* Pods-CutsomProgrammaticMenu.release.xcconfig */ = {isa = PBXFileReference; includeInIndex = 1; lastKnownFileType = text.xcconfig; name = "Pods-CutsomProgrammaticMenu.release.xcconfig"; path = "Pods/Target Support Files/Pods-CutsomProgrammaticMenu/Pods-CutsomProgrammaticMenu.release.xcconfig"; sourceTree = "<group>"; };
		AF21C4E787B099206FE45527 /* Pods-CutsomProgrammaticMenu.debug.xcconfig */ = {isa = PBXFileReference; includeInIndex = 1; lastKnownFileType = text.xcconfig; name = "Pods-CutsomProgrammaticMenu.debug.xcconfig"; path = "Pods/Target Support Files/Pods-CutsomProgrammaticMenu/Pods-CutsomProgrammaticMenu.debug.xcconfig"; sourceTree = "<group>"; };
/* End PBXFileReference section */

/* Begin PBXFrameworksBuildPhase section */
		7ED3AE90230ABCFF0035CECA /* Frameworks */ = {
			isa = PBXFrameworksBuildPhase;
			buildActionMask = 2147483647;
			files = (
				EF3E1E1D96D11C618E5F98D5 /* Pods_CutsomProgrammaticMenu.framework in Frameworks */,
			);
			runOnlyForDeploymentPostprocessing = 0;
		};
/* End PBXFrameworksBuildPhase section */

/* Begin PBXGroup section */
		373D9A03B11329F8CF1D6173 /* Frameworks */ = {
			isa = PBXGroup;
			children = (
				70394E01F5A0A35627FE03F5 /* Pods_CutsomProgrammaticMenu.framework */,
			);
			name = Frameworks;
			sourceTree = "<group>";
		};
		7E28B150232E73C000267171 /* Extensions */ = {
			isa = PBXGroup;
			children = (
				7E28B0F1231E850C00267171 /* UIColor.swift */,
				7E28B0E9231D389E00267171 /* UILabel.swift */,
				7E28B0FD2321582800267171 /* UIStackview.swift */,
				7E28B0FB232133B200267171 /* UIView.swift */,
				7E28B153232F54F100267171 /* String.swift */,
				7E28B157232F560D00267171 /* UITextField.swift */,
				7E28B159232F58E300267171 /* UIViewController.swift */,
				7E725D3E233294F000341B64 /* UIImageView.swift */,
				7E55F22E236EC7C90045F69F /* UINavigationController.swift */,
			);
			path = Extensions;
			sourceTree = "<group>";
		};
		7E7203E3231AD12200D6BD99 /* Model */ = {
			isa = PBXGroup;
			children = (
				7E725D2E2330DE8400341B64 /* User.swift */,
				7E725D3C2332435700341B64 /* UserDestination.swift */,
				7E4AFC0E23784202001D5CB7 /* PendingRequestsMenuItem.swift */,
				7EEEA8DF23CC98BF00305536 /* NewUser.swift */,
				7EEEA8E123CD9E6C00305536 /* DecodableAttendance.swift */,
				7E26C44D23CEF71B0052217F /* TeamStatistics.swift */,
			);
			path = Model;
			sourceTree = "<group>";
		};
		7E7203E4231AD12800D6BD99 /* View */ = {
			isa = PBXGroup;
			children = (
				7E28B0EF231E622E00267171 /* CVHeaderCVCell.swift */,
				7E7203E6231AD42400D6BD99 /* DashboardHeader.swift */,
				7E7203F1231BD7D900D6BD99 /* CircularPercentageRowCell.swift */,
				7E28B0E5231D23E200267171 /* RecentRequestsCell.swift */,
				7E28B0EB231D5AEF00267171 /* UpcomingVacationCell.swift */,
				7E28B0ED231D6A6400267171 /* ListOfEmployeesCell.swift */,
				7E28B0F3231EBB6E00267171 /* recentRequestEmpDetailsCell.swift */,
				7E28B0F7231FFE5C00267171 /* ListOfEmployeesHeaderView.swift */,
				7E28B0F92320017D00267171 /* EmpListEmployeeCell.swift */,
				7E4AFC0C23782883001D5CB7 /* MenuCell.swift */,
				7E4AFC1023797F32001D5CB7 /* PermissionCell.swift */,
				7E4AFC14237D65C5001D5CB7 /* PieChartCell.swift */,
				7E4AFC1A23814A81001D5CB7 /* ProfileEmployeeInfoCell.swift */,
				7E4AFC1C23816809001D5CB7 /* ProfileEmployeePendingRequestsCell.swift */,
				7E4AFC1E238568EF001D5CB7 /* EmployeeDataInPercentage.swift */,
				7E1E2137238A913600A7262E /* PermissionTypeCell.swift */,
			);
			path = View;
			sourceTree = "<group>";
		};
		7E7203E5231AD12E00D6BD99 /* Controller */ = {
			isa = PBXGroup;
			children = (
				7EA384D623338FB300E34F3D /* PermissionVC.swift */,
				7ED3AE98230ABCFF0035CECA /* BaseMenuVC.swift */,
				7E7203E1231A533400D6BD99 /* DashBoardVC.swift */,
				7E7203E8231AD45600D6BD99 /* DashboardHeaderController.swift */,
				7E28B0E7231D254200267171 /* RecentRequestsController.swift */,
				7E28B0F5231FE53C00267171 /* ListOfEmployeeController.swift */,
				7E28B11F232556FD00267171 /* LoginController.swift */,
				7E28B14C232E433600267171 /* SettingsVC.swift */,
				7E725D382331163E00341B64 /* CheckinVC.swift */,
				7E78478C23378AE5009E57A1 /* CalendarVC.swift */,
				7E22067C2341EDF10000DAA8 /* PendingRequests.swift */,
				7E55F22C236EC1550045F69F /* AboutVC.swift */,
				7E4AFBEE2377FE1E001D5CB7 /* PendingRequestsVC.swift */,
				7E4AFC12237AFE50001D5CB7 /* ProfileVC.swift */,
				7E4AFC18237EE613001D5CB7 /* ChartBaseViewController.swift */,
				7E1E2135238A8A0B00A7262E /* PermissionTypes.swift */,
				7E1E2139238A9E9800A7262E /* RequestPermissionVacationVC.swift */,
				7E1E213B238AB26200A7262E /* BaseRequestsController.swift */,
			);
			path = Controller;
			sourceTree = "<group>";
		};
		7E7203EA231AD4B100D6BD99 /* Helpers */ = {
			isa = PBXGroup;
			children = (
				7E28B151232E747C00267171 /* LanguageManager.swift */,
				7E725D3A2331475800341B64 /* Alamofire.swift */,
				7E7203EF231BD55B00D6BD99 /* HeaderLabel.swift */,
				7E28B11D2325567600267171 /* Constants.swift */,
				7E28B14E232E4DBB00267171 /* CustomSegmentedControl.swift */,
				7E28B155232F552800267171 /* OverLay.swift */,
				7E725D302330DFEB00341B64 /* Service.swift */,
				7E725D322330E02C00341B64 /* Utility.swift */,
				7E725D362331152200341B64 /* CustomTitleView.swift */,
			);
			path = Helpers;
			sourceTree = "<group>";
		};
		7E78478E23378FD0009E57A1 /* Resources */ = {
			isa = PBXGroup;
			children = (
				7E55F231236EDC460045F69F /* Cairo-Regular.ttf */,
				7E78478F23378FE7009E57A1 /* Raleway-SemiBold.ttf */,
			);
			path = Resources;
			sourceTree = "<group>";
		};
		7ED3AE8A230ABCFF0035CECA = {
			isa = PBXGroup;
			children = (
				7ED3AE95230ABCFF0035CECA /* CutsomProgrammaticMenu */,
				7ED3AE94230ABCFF0035CECA /* Products */,
				CB19ADEFE9B151020B6F8678 /* Pods */,
				373D9A03B11329F8CF1D6173 /* Frameworks */,
			);
			sourceTree = "<group>";
		};
		7ED3AE94230ABCFF0035CECA /* Products */ = {
			isa = PBXGroup;
			children = (
				7ED3AE93230ABCFF0035CECA /* CutsomProgrammaticMenu.app */,
			);
			name = Products;
			sourceTree = "<group>";
		};
		7ED3AE95230ABCFF0035CECA /* CutsomProgrammaticMenu */ = {
			isa = PBXGroup;
			children = (
				7E78478E23378FD0009E57A1 /* Resources */,
				7E28B150232E73C000267171 /* Extensions */,
				7E7203EA231AD4B100D6BD99 /* Helpers */,
				7E7203E5231AD12E00D6BD99 /* Controller */,
				7E7203E4231AD12800D6BD99 /* View */,
				7E7203E3231AD12200D6BD99 /* Model */,
				7ED3AE96230ABCFF0035CECA /* AppDelegate.swift */,
				7ED3AE9A230ABCFF0035CECA /* Main.storyboard */,
				7ED3AE9D230ABD000035CECA /* Assets.xcassets */,
				7ED3AE9F230ABD000035CECA /* LaunchScreen.storyboard */,
				7ED3AEA2230ABD000035CECA /* Info.plist */,
				7E28B161232F8E7600267171 /* Localizable.strings */,
			);
			path = CutsomProgrammaticMenu;
			sourceTree = "<group>";
		};
		CB19ADEFE9B151020B6F8678 /* Pods */ = {
			isa = PBXGroup;
			children = (
				AF21C4E787B099206FE45527 /* Pods-CutsomProgrammaticMenu.debug.xcconfig */,
				9F569B37A5C97325A36DB7C0 /* Pods-CutsomProgrammaticMenu.release.xcconfig */,
			);
			name = Pods;
			sourceTree = "<group>";
		};
/* End PBXGroup section */

/* Begin PBXNativeTarget section */
		7ED3AE92230ABCFF0035CECA /* CutsomProgrammaticMenu */ = {
			isa = PBXNativeTarget;
			buildConfigurationList = 7ED3AEA5230ABD000035CECA /* Build configuration list for PBXNativeTarget "CutsomProgrammaticMenu" */;
			buildPhases = (
				DE46DC186A22D0C3E34C2D41 /* [CP] Check Pods Manifest.lock */,
				7ED3AE8F230ABCFF0035CECA /* Sources */,
				7ED3AE90230ABCFF0035CECA /* Frameworks */,
				7ED3AE91230ABCFF0035CECA /* Resources */,
				F34D3311999D616398F1A75B /* [CP] Embed Pods Frameworks */,
				E25C6C32DBAD2416E9803600 /* [CP] Copy Pods Resources */,
			);
			buildRules = (
			);
			dependencies = (
			);
			name = CutsomProgrammaticMenu;
			productName = CutsomProgrammaticMenu;
			productReference = 7ED3AE93230ABCFF0035CECA /* CutsomProgrammaticMenu.app */;
			productType = "com.apple.product-type.application";
		};
/* End PBXNativeTarget section */

/* Begin PBXProject section */
		7ED3AE8B230ABCFF0035CECA /* Project object */ = {
			isa = PBXProject;
			attributes = {
				LastSwiftUpdateCheck = 1020;
				LastUpgradeCheck = 1020;
				ORGANIZATIONNAME = "Sherif  Wagih";
				TargetAttributes = {
					7ED3AE92230ABCFF0035CECA = {
						CreatedOnToolsVersion = 10.2.1;
					};
				};
			};
			buildConfigurationList = 7ED3AE8E230ABCFF0035CECA /* Build configuration list for PBXProject "CutsomProgrammaticMenu" */;
			compatibilityVersion = "Xcode 9.3";
			developmentRegion = en;
			hasScannedForEncodings = 0;
			knownRegions = (
				en,
				Base,
				ar,
			);
			mainGroup = 7ED3AE8A230ABCFF0035CECA;
			productRefGroup = 7ED3AE94230ABCFF0035CECA /* Products */;
			projectDirPath = "";
			projectRoot = "";
			targets = (
				7ED3AE92230ABCFF0035CECA /* CutsomProgrammaticMenu */,
			);
		};
/* End PBXProject section */

/* Begin PBXResourcesBuildPhase section */
		7ED3AE91230ABCFF0035CECA /* Resources */ = {
			isa = PBXResourcesBuildPhase;
			buildActionMask = 2147483647;
			files = (
				7ED3AEA1230ABD000035CECA /* LaunchScreen.storyboard in Resources */,
				7ED3AE9E230ABD000035CECA /* Assets.xcassets in Resources */,
				7ED3AE9C230ABCFF0035CECA /* Main.storyboard in Resources */,
				7E28B15F232F8E7600267171 /* Localizable.strings in Resources */,
				7E78479023378FE7009E57A1 /* Raleway-SemiBold.ttf in Resources */,
			);
			runOnlyForDeploymentPostprocessing = 0;
		};
/* End PBXResourcesBuildPhase section */

/* Begin PBXShellScriptBuildPhase section */
		DE46DC186A22D0C3E34C2D41 /* [CP] Check Pods Manifest.lock */ = {
			isa = PBXShellScriptBuildPhase;
			buildActionMask = 2147483647;
			files = (
			);
			inputPaths = (
				"${PODS_PODFILE_DIR_PATH}/Podfile.lock",
				"${PODS_ROOT}/Manifest.lock",
			);
			name = "[CP] Check Pods Manifest.lock";
			outputPaths = (
				"$(DERIVED_FILE_DIR)/Pods-CutsomProgrammaticMenu-checkManifestLockResult.txt",
			);
			runOnlyForDeploymentPostprocessing = 0;
			shellPath = /bin/sh;
			shellScript = "diff \"${PODS_PODFILE_DIR_PATH}/Podfile.lock\" \"${PODS_ROOT}/Manifest.lock\" > /dev/null\nif [ $? != 0 ] ; then\n    # print error to STDERR\n    echo \"error: The sandbox is not in sync with the Podfile.lock. Run 'pod install' or update your CocoaPods installation.\" >&2\n    exit 1\nfi\n# This output is used by Xcode 'outputs' to avoid re-running this script phase.\necho \"SUCCESS\" > \"${SCRIPT_OUTPUT_FILE_0}\"\n";
			showEnvVarsInLog = 0;
		};
		E25C6C32DBAD2416E9803600 /* [CP] Copy Pods Resources */ = {
			isa = PBXShellScriptBuildPhase;
			buildActionMask = 2147483647;
			files = (
			);
			inputFileListPaths = (
				"${PODS_ROOT}/Target Support Files/Pods-CutsomProgrammaticMenu/Pods-CutsomProgrammaticMenu-resources-${CONFIGURATION}-input-files.xcfilelist",
			);
			name = "[CP] Copy Pods Resources";
			outputFileListPaths = (
				"${PODS_ROOT}/Target Support Files/Pods-CutsomProgrammaticMenu/Pods-CutsomProgrammaticMenu-resources-${CONFIGURATION}-output-files.xcfilelist",
			);
			runOnlyForDeploymentPostprocessing = 0;
			shellPath = /bin/sh;
			shellScript = "\"${PODS_ROOT}/Target Support Files/Pods-CutsomProgrammaticMenu/Pods-CutsomProgrammaticMenu-resources.sh\"\n";
			showEnvVarsInLog = 0;
		};
		F34D3311999D616398F1A75B /* [CP] Embed Pods Frameworks */ = {
			isa = PBXShellScriptBuildPhase;
			buildActionMask = 2147483647;
			files = (
			);
			inputFileListPaths = (
				"${PODS_ROOT}/Target Support Files/Pods-CutsomProgrammaticMenu/Pods-CutsomProgrammaticMenu-frameworks-${CONFIGURATION}-input-files.xcfilelist",
			);
			name = "[CP] Embed Pods Frameworks";
			outputFileListPaths = (
				"${PODS_ROOT}/Target Support Files/Pods-CutsomProgrammaticMenu/Pods-CutsomProgrammaticMenu-frameworks-${CONFIGURATION}-output-files.xcfilelist",
			);
			runOnlyForDeploymentPostprocessing = 0;
			shellPath = /bin/sh;
			shellScript = "\"${PODS_ROOT}/Target Support Files/Pods-CutsomProgrammaticMenu/Pods-CutsomProgrammaticMenu-frameworks.sh\"\n";
			showEnvVarsInLog = 0;
		};
/* End PBXShellScriptBuildPhase section */

/* Begin PBXSourcesBuildPhase section */
		7ED3AE8F230ABCFF0035CECA /* Sources */ = {
			isa = PBXSourcesBuildPhase;
			buildActionMask = 2147483647;
			files = (
				7E725D332330E02C00341B64 /* Utility.swift in Sources */,
				7E28B154232F54F100267171 /* String.swift in Sources */,
				7E28B0EA231D389E00267171 /* UILabel.swift in Sources */,
				7E28B0FC232133B200267171 /* UIView.swift in Sources */,
				7E28B0E6231D23E200267171 /* RecentRequestsCell.swift in Sources */,
				7E28B0FA2320017D00267171 /* EmpListEmployeeCell.swift in Sources */,
				7E26C44E23CEF71B0052217F /* TeamStatistics.swift in Sources */,
				7E28B0E8231D254200267171 /* RecentRequestsController.swift in Sources */,
				7EEEA8E023CC98BF00305536 /* NewUser.swift in Sources */,
				7E4AFC1B23814A81001D5CB7 /* ProfileEmployeeInfoCell.swift in Sources */,
				7E4AFC1F238568EF001D5CB7 /* EmployeeDataInPercentage.swift in Sources */,
				7E725D3B2331475800341B64 /* Alamofire.swift in Sources */,
				7ED3AE99230ABCFF0035CECA /* BaseMenuVC.swift in Sources */,
				7E28B0F8231FFE5C00267171 /* ListOfEmployeesHeaderView.swift in Sources */,
				7E28B0F2231E850C00267171 /* UIColor.swift in Sources */,
				7E725D312330DFEB00341B64 /* Service.swift in Sources */,
				7E4AFC19237EE613001D5CB7 /* ChartBaseViewController.swift in Sources */,
				7E28B0FE2321582800267171 /* UIStackview.swift in Sources */,
				7E7203E7231AD42400D6BD99 /* DashboardHeader.swift in Sources */,
				7E725D3F233294F000341B64 /* UIImageView.swift in Sources */,
				7E28B15A232F58E300267171 /* UIViewController.swift in Sources */,
				7E4AFC13237AFE50001D5CB7 /* ProfileVC.swift in Sources */,
				7E28B14D232E433600267171 /* SettingsVC.swift in Sources */,
				7E28B0EC231D5AEF00267171 /* UpcomingVacationCell.swift in Sources */,
				7E1E2136238A8A0B00A7262E /* PermissionTypes.swift in Sources */,
				7E28B158232F560D00267171 /* UITextField.swift in Sources */,
				7E725D392331163E00341B64 /* CheckinVC.swift in Sources */,
				7E22067D2341EDF10000DAA8 /* PendingRequests.swift in Sources */,
				7E28B0F4231EBB6E00267171 /* recentRequestEmpDetailsCell.swift in Sources */,
				7ED3AE97230ABCFF0035CECA /* AppDelegate.swift in Sources */,
				7E1E2138238A913600A7262E /* PermissionTypeCell.swift in Sources */,
				7E28B0F0231E622E00267171 /* CVHeaderCVCell.swift in Sources */,
				7E1E213A238A9E9800A7262E /* RequestPermissionVacationVC.swift in Sources */,
				7E28B152232E747D00267171 /* LanguageManager.swift in Sources */,
				7E4AFC0F23784202001D5CB7 /* PendingRequestsMenuItem.swift in Sources */,
				7E725D372331152200341B64 /* CustomTitleView.swift in Sources */,
				7E4AFC1D23816809001D5CB7 /* ProfileEmployeePendingRequestsCell.swift in Sources */,
				7EA384D723338FB300E34F3D /* PermissionVC.swift in Sources */,
				7E4AFC15237D65C5001D5CB7 /* PieChartCell.swift in Sources */,
				7E55F22F236EC7C90045F69F /* UINavigationController.swift in Sources */,
				7E7203F0231BD55B00D6BD99 /* HeaderLabel.swift in Sources */,
				7E4AFC1123797F32001D5CB7 /* PermissionCell.swift in Sources */,
				7E28B0F6231FE53C00267171 /* ListOfEmployeeController.swift in Sources */,
				7EEEA8E223CD9E6C00305536 /* DecodableAttendance.swift in Sources */,
				7E28B156232F552800267171 /* OverLay.swift in Sources */,
				7E78478D23378AE5009E57A1 /* CalendarVC.swift in Sources */,
				7E4AFBEF2377FE1E001D5CB7 /* PendingRequestsVC.swift in Sources */,
				7E55F22D236EC1550045F69F /* AboutVC.swift in Sources */,
				7E28B120232556FD00267171 /* LoginController.swift in Sources */,
				7E7203F2231BD7D900D6BD99 /* CircularPercentageRowCell.swift in Sources */,
				7E28B0EE231D6A6400267171 /* ListOfEmployeesCell.swift in Sources */,
				7E28B14F232E4DBB00267171 /* CustomSegmentedControl.swift in Sources */,
				7E1E213C238AB26200A7262E /* BaseRequestsController.swift in Sources */,
				7E4AFC0D23782883001D5CB7 /* MenuCell.swift in Sources */,
				7E7203E2231A533400D6BD99 /* DashBoardVC.swift in Sources */,
				7E7203E9231AD45600D6BD99 /* DashboardHeaderController.swift in Sources */,
				7E28B11E2325567600267171 /* Constants.swift in Sources */,
				7E725D3D2332435700341B64 /* UserDestination.swift in Sources */,
				7E725D2F2330DE8400341B64 /* User.swift in Sources */,
			);
			runOnlyForDeploymentPostprocessing = 0;
		};
/* End PBXSourcesBuildPhase section */

/* Begin PBXVariantGroup section */
		7E28B161232F8E7600267171 /* Localizable.strings */ = {
			isa = PBXVariantGroup;
			children = (
				7E28B160232F8E7600267171 /* en */,
				7E28B162232F8E7A00267171 /* ar */,
			);
			name = Localizable.strings;
			sourceTree = "<group>";
		};
		7ED3AE9A230ABCFF0035CECA /* Main.storyboard */ = {
			isa = PBXVariantGroup;
			children = (
				7ED3AE9B230ABCFF0035CECA /* Base */,
				7E28B15B232F6DA500267171 /* ar */,
			);
			name = Main.storyboard;
			sourceTree = "<group>";
		};
		7ED3AE9F230ABD000035CECA /* LaunchScreen.storyboard */ = {
			isa = PBXVariantGroup;
			children = (
				7ED3AEA0230ABD000035CECA /* Base */,
				7E28B15C232F6DA500267171 /* ar */,
			);
			name = LaunchScreen.storyboard;
			sourceTree = "<group>";
		};
/* End PBXVariantGroup section */

/* Begin XCBuildConfiguration section */
		7ED3AEA3230ABD000035CECA /* Debug */ = {
			isa = XCBuildConfiguration;
			buildSettings = {
				ALWAYS_SEARCH_USER_PATHS = NO;
				CLANG_ANALYZER_LOCALIZABILITY_NONLOCALIZED = YES;
				CLANG_ANALYZER_NONNULL = YES;
				CLANG_ANALYZER_NUMBER_OBJECT_CONVERSION = YES_AGGRESSIVE;
				CLANG_CXX_LANGUAGE_STANDARD = "gnu++14";
				CLANG_CXX_LIBRARY = "libc++";
				CLANG_ENABLE_MODULES = YES;
				CLANG_ENABLE_OBJC_ARC = YES;
				CLANG_ENABLE_OBJC_WEAK = YES;
				CLANG_WARN_BLOCK_CAPTURE_AUTORELEASING = YES;
				CLANG_WARN_BOOL_CONVERSION = YES;
				CLANG_WARN_COMMA = YES;
				CLANG_WARN_CONSTANT_CONVERSION = YES;
				CLANG_WARN_DEPRECATED_OBJC_IMPLEMENTATIONS = YES;
				CLANG_WARN_DIRECT_OBJC_ISA_USAGE = YES_ERROR;
				CLANG_WARN_DOCUMENTATION_COMMENTS = YES;
				CLANG_WARN_EMPTY_BODY = YES;
				CLANG_WARN_ENUM_CONVERSION = YES;
				CLANG_WARN_INFINITE_RECURSION = YES;
				CLANG_WARN_INT_CONVERSION = YES;
				CLANG_WARN_NON_LITERAL_NULL_CONVERSION = YES;
				CLANG_WARN_OBJC_IMPLICIT_RETAIN_SELF = YES;
				CLANG_WARN_OBJC_LITERAL_CONVERSION = YES;
				CLANG_WARN_OBJC_ROOT_CLASS = YES_ERROR;
				CLANG_WARN_RANGE_LOOP_ANALYSIS = YES;
				CLANG_WARN_STRICT_PROTOTYPES = YES;
				CLANG_WARN_SUSPICIOUS_MOVE = YES;
				CLANG_WARN_UNGUARDED_AVAILABILITY = YES_AGGRESSIVE;
				CLANG_WARN_UNREACHABLE_CODE = YES;
				CLANG_WARN__DUPLICATE_METHOD_MATCH = YES;
				CODE_SIGN_IDENTITY = "iPhone Developer";
				COPY_PHASE_STRIP = NO;
				DEBUG_INFORMATION_FORMAT = dwarf;
				ENABLE_STRICT_OBJC_MSGSEND = YES;
				ENABLE_TESTABILITY = YES;
				GCC_C_LANGUAGE_STANDARD = gnu11;
				GCC_DYNAMIC_NO_PIC = NO;
				GCC_NO_COMMON_BLOCKS = YES;
				GCC_OPTIMIZATION_LEVEL = 0;
				GCC_PREPROCESSOR_DEFINITIONS = (
					"DEBUG=1",
					"$(inherited)",
				);
				GCC_WARN_64_TO_32_BIT_CONVERSION = YES;
				GCC_WARN_ABOUT_RETURN_TYPE = YES_ERROR;
				GCC_WARN_UNDECLARED_SELECTOR = YES;
				GCC_WARN_UNINITIALIZED_AUTOS = YES_AGGRESSIVE;
				GCC_WARN_UNUSED_FUNCTION = YES;
				GCC_WARN_UNUSED_VARIABLE = YES;
				IPHONEOS_DEPLOYMENT_TARGET = 13.2;
				MTL_ENABLE_DEBUG_INFO = INCLUDE_SOURCE;
				MTL_FAST_MATH = YES;
				ONLY_ACTIVE_ARCH = YES;
				SDKROOT = iphoneos;
				SWIFT_ACTIVE_COMPILATION_CONDITIONS = DEBUG;
				SWIFT_OPTIMIZATION_LEVEL = "-Onone";
			};
			name = Debug;
		};
		7ED3AEA4230ABD000035CECA /* Release */ = {
			isa = XCBuildConfiguration;
			buildSettings = {
				ALWAYS_SEARCH_USER_PATHS = NO;
				CLANG_ANALYZER_LOCALIZABILITY_NONLOCALIZED = YES;
				CLANG_ANALYZER_NONNULL = YES;
				CLANG_ANALYZER_NUMBER_OBJECT_CONVERSION = YES_AGGRESSIVE;
				CLANG_CXX_LANGUAGE_STANDARD = "gnu++14";
				CLANG_CXX_LIBRARY = "libc++";
				CLANG_ENABLE_MODULES = YES;
				CLANG_ENABLE_OBJC_ARC = YES;
				CLANG_ENABLE_OBJC_WEAK = YES;
				CLANG_WARN_BLOCK_CAPTURE_AUTORELEASING = YES;
				CLANG_WARN_BOOL_CONVERSION = YES;
				CLANG_WARN_COMMA = YES;
				CLANG_WARN_CONSTANT_CONVERSION = YES;
				CLANG_WARN_DEPRECATED_OBJC_IMPLEMENTATIONS = YES;
				CLANG_WARN_DIRECT_OBJC_ISA_USAGE = YES_ERROR;
				CLANG_WARN_DOCUMENTATION_COMMENTS = YES;
				CLANG_WARN_EMPTY_BODY = YES;
				CLANG_WARN_ENUM_CONVERSION = YES;
				CLANG_WARN_INFINITE_RECURSION = YES;
				CLANG_WARN_INT_CONVERSION = YES;
				CLANG_WARN_NON_LITERAL_NULL_CONVERSION = YES;
				CLANG_WARN_OBJC_IMPLICIT_RETAIN_SELF = YES;
				CLANG_WARN_OBJC_LITERAL_CONVERSION = YES;
				CLANG_WARN_OBJC_ROOT_CLASS = YES_ERROR;
				CLANG_WARN_RANGE_LOOP_ANALYSIS = YES;
				CLANG_WARN_STRICT_PROTOTYPES = YES;
				CLANG_WARN_SUSPICIOUS_MOVE = YES;
				CLANG_WARN_UNGUARDED_AVAILABILITY = YES_AGGRESSIVE;
				CLANG_WARN_UNREACHABLE_CODE = YES;
				CLANG_WARN__DUPLICATE_METHOD_MATCH = YES;
				CODE_SIGN_IDENTITY = "iPhone Developer";
				COPY_PHASE_STRIP = NO;
				DEBUG_INFORMATION_FORMAT = "dwarf-with-dsym";
				ENABLE_NS_ASSERTIONS = NO;
				ENABLE_STRICT_OBJC_MSGSEND = YES;
				GCC_C_LANGUAGE_STANDARD = gnu11;
				GCC_NO_COMMON_BLOCKS = YES;
				GCC_WARN_64_TO_32_BIT_CONVERSION = YES;
				GCC_WARN_ABOUT_RETURN_TYPE = YES_ERROR;
				GCC_WARN_UNDECLARED_SELECTOR = YES;
				GCC_WARN_UNINITIALIZED_AUTOS = YES_AGGRESSIVE;
				GCC_WARN_UNUSED_FUNCTION = YES;
				GCC_WARN_UNUSED_VARIABLE = YES;
				IPHONEOS_DEPLOYMENT_TARGET = 13.2;
				MTL_ENABLE_DEBUG_INFO = NO;
				MTL_FAST_MATH = YES;
				SDKROOT = iphoneos;
				SWIFT_COMPILATION_MODE = wholemodule;
				SWIFT_OPTIMIZATION_LEVEL = "-O";
				VALIDATE_PRODUCT = YES;
			};
			name = Release;
		};
		7ED3AEA6230ABD000035CECA /* Debug */ = {
			isa = XCBuildConfiguration;
			baseConfigurationReference = AF21C4E787B099206FE45527 /* Pods-CutsomProgrammaticMenu.debug.xcconfig */;
			buildSettings = {
				ASSETCATALOG_COMPILER_APPICON_NAME = AppIcon;
				CODE_SIGN_STYLE = Automatic;
				DEVELOPMENT_TEAM = 868AXWRZ85;
				INFOPLIST_FILE = CutsomProgrammaticMenu/Info.plist;
				LD_RUNPATH_SEARCH_PATHS = (
					"$(inherited)",
					"@executable_path/Frameworks",
				);
				PRODUCT_BUNDLE_IDENTIFIER = com.workfroce.ASIS;
				PRODUCT_NAME = "$(TARGET_NAME)";
				SWIFT_VERSION = 5.0;
				TARGETED_DEVICE_FAMILY = "1,2";
			};
			name = Debug;
		};
		7ED3AEA7230ABD000035CECA /* Release */ = {
			isa = XCBuildConfiguration;
			baseConfigurationReference = 9F569B37A5C97325A36DB7C0 /* Pods-CutsomProgrammaticMenu.release.xcconfig */;
			buildSettings = {
				ASSETCATALOG_COMPILER_APPICON_NAME = AppIcon;
				CODE_SIGN_STYLE = Automatic;
				DEVELOPMENT_TEAM = 868AXWRZ85;
				INFOPLIST_FILE = CutsomProgrammaticMenu/Info.plist;
				LD_RUNPATH_SEARCH_PATHS = (
					"$(inherited)",
					"@executable_path/Frameworks",
				);
				PRODUCT_BUNDLE_IDENTIFIER = com.workfroce.ASIS;
				PRODUCT_NAME = "$(TARGET_NAME)";
				SWIFT_VERSION = 5.0;
				TARGETED_DEVICE_FAMILY = "1,2";
			};
			name = Release;
		};
/* End XCBuildConfiguration section */

/* Begin XCConfigurationList section */
		7ED3AE8E230ABCFF0035CECA /* Build configuration list for PBXProject "CutsomProgrammaticMenu" */ = {
			isa = XCConfigurationList;
			buildConfigurations = (
				7ED3AEA3230ABD000035CECA /* Debug */,
				7ED3AEA4230ABD000035CECA /* Release */,
			);
			defaultConfigurationIsVisible = 0;
			defaultConfigurationName = Release;
		};
		7ED3AEA5230ABD000035CECA /* Build configuration list for PBXNativeTarget "CutsomProgrammaticMenu" */ = {
			isa = XCConfigurationList;
			buildConfigurations = (
				7ED3AEA6230ABD000035CECA /* Debug */,
				7ED3AEA7230ABD000035CECA /* Release */,
			);
			defaultConfigurationIsVisible = 0;
			defaultConfigurationName = Release;
		};
/* End XCConfigurationList section */
	};
	rootObject = 7ED3AE8B230ABCFF0035CECA /* Project object */;
}
